# THIS IS AN AUTOGENERATED FILE. DO NOT EDIT THIS FILE DIRECTLY.
# yarn lockfile v1


flamethrower-router@^0.0.0-meme.12:
  version "0.0.0-meme.12"
  resolved "https://registry.yarnpkg.com/flamethrower-router/-/flamethrower-router-0.0.0-meme.12.tgz#3e2a799b57f3dfd651d9be8a74d476d405247cae"
  integrity sha512-PWcNrjzItwk61RTk/SbbKJNcAgl6qCXH8xkZjGjUGV/dgKAnURci+k+Yk8emubUQWTdAd1kSqujy0VRjoeEgxg==
